{
    "_readme": [
        "This file locks the dependencies of your project to a known state",
        "Read more about it at http://getcomposer.org/doc/01-basic-usage.md#composer-lock-the-lock-file"
    ],
    "hash": "d98c93892a80bc9174745643c676c39d",
    "packages": [
        {
            "name": "bshaffer/oauth2-server-php",
            "version": "dev-develop",
            "source": {
                "type": "git",
                "url": "https://github.com/bshaffer/oauth2-server-php.git",
                "reference": "38ef7149fdfc1fc925ead275772adf026e230253"
            },
            "dist": {
                "type": "zip",
                "url": "https://api.github.com/repos/bshaffer/oauth2-server-php/zipball/38ef7149fdfc1fc925ead275772adf026e230253",
                "reference": "38ef7149fdfc1fc925ead275772adf026e230253",
                "shasum": ""
            },
            "require": {
                "php": ">=5.2.0"
            },
            "type": "library",
            "autoload": {
                "psr-0": {
                    "OAuth2": "src/"
                }
            },
            "notification-url": "https://packagist.org/downloads/",
            "license": [
                "MIT"
            ],
            "authors": [
                {
                    "name": "Brent Shaffer",
                    "email": "bshafs@gmail.com",
                    "homepage": "http://brentertainment.com"
                }
            ],
            "description": "OAuth2 Server for PHP",
            "homepage": "http://github.com/bshaffer/oauth2-server-php",
            "keywords": [
                "auth",
                "oauth",
                "oauth2"
            ],
            "time": "2013-07-09 05:06:17"
        },
        {
            "name": "peej/tonic",
            "version": "v3.2",
            "source": {
                "type": "git",
                "url": "https://github.com/peej/tonic.git",
                "reference": "v3.2"
            },
            "dist": {
                "type": "zip",
                "url": "https://api.github.com/repos/peej/tonic/zipball/v3.2",
                "reference": "v3.2",
                "shasum": ""
            },
            "require": {
                "php": ">=5.3.0"
            },
            "require-dev": {
                "behat/behat": "2.*",
                "peej/phpdoctor": "dev-master",
                "phpspec/phpspec": "1.*"
            },
            "suggest": {
                "pimple/pimple": "A simple dependancy injection container to handle your services",
                "smarty/smarty": "PHP templating engine for building response representations"
            },
            "bin": [
                "web/dispatch.php"
            ],
            "type": "library",
            "autoload": {
                "psr-0": {
                    "Tonic": "src/"
                }
            },
            "notification-url": "https://packagist.org/downloads/",
            "license": [
                "MIT"
            ],
            "authors": [
                {
                    "name": "Paul James",
                    "email": "paul@peej.co.uk"
                }
            ],
            "description": "The RESTful Web App PHP Micro-Framework",
            "homepage": "http://peej.github.com/tonic",
            "keywords": [
                "microframework",
                "rest"
            ],
            "time": "2013-06-02 21:48:37"
        }
    ],
    "packages-dev": [

    ],
    "aliases": [

    ],
    "minimum-stability": "stable",
    "stability-flags": {
        "bshaffer/oauth2-server-php": 20
    },
    "platform": [

    ],
    "platform-dev": [

    ]
}
